
Microsoft Visual Studio Solution File, Format Version 12.00
# Visual Studio Version 17
VisualStudioVersion = 17.3.32929.385
MinimumVisualStudioVersion = 10.0.40219.1
Project("{9A19103F-16F7-4668-BE54-9A1E7A4F7556}") = "AltFutureWebApp", "AltFutureWebApp\AltFutureWebApp.csproj", "{153D3C59-8F1C-48FC-859E-4BBC339DC3FB}"
	ProjectSection(ProjectDependencies) = postProject
		{935190DB-6BCF-4DA3-B959-28963F419008} = {935190DB-6BCF-4DA3-B959-28963F419008}
	EndProjectSection
EndProject
Project("{9A19103F-16F7-4668-BE54-9A1E7A4F7556}") = "AltFutureWebApp.Test", "AltFutureWebApp.Test\AltFutureWebApp.Test.csproj", "{941EFE4B-5709-419A-A2EA-F13555A15AEB}"
EndProject
Project("{9A19103F-16F7-4668-BE54-9A1E7A4F7556}") = "AltFuture.DataAccessLayer", "AltFuture.DataAccessLayer\AltFuture.DataAccessLayer.csproj", "{BAF6BECA-3C02-44D7-B6D6-D498094A7124}"
EndProject
Project("{9A19103F-16F7-4668-BE54-9A1E7A4F7556}") = "AltFuture.Models", "AltFuture.Models\AltFuture.Models.csproj", "{935190DB-6BCF-4DA3-B959-28963F419008}"
EndProject
Project("{9A19103F-16F7-4668-BE54-9A1E7A4F7556}") = "AltFuture.DataAccessLayer.Test", "AltFuture.DataAccessLayer.Test\AltFuture.DataAccessLayer.Test.csproj", "{F9EC7DBB-E933-4D11-A978-646F99B34348}"
EndProject
Project("{9A19103F-16F7-4668-BE54-9A1E7A4F7556}") = "AltFuture.CoinMarketCapAPI", "AltFuture.CoinMarketCapAPI\AltFuture.CoinMarketCapAPI.csproj", "{8EF2E5F8-2F6C-48E4-BB44-35F149F025D1}"
EndProject
Project("{FAE04EC0-301F-11D3-BF4B-00C04F79EFBC}") = "AltFuture.BusinessLogicLayer", "AltFuture.BusinessLogicLayer\AltFuture.BusinessLogicLayer.csproj", "{F8AD6613-F20B-4A4F-9E25-6EDABBB5C349}"
EndProject
Global
	GlobalSection(SolutionConfigurationPlatforms) = preSolution
		Debug|Any CPU = Debug|Any CPU
		Release|Any CPU = Release|Any CPU
	EndGlobalSection
	GlobalSection(ProjectConfigurationPlatforms) = postSolution
		{153D3C59-8F1C-48FC-859E-4BBC339DC3FB}.Debug|Any CPU.ActiveCfg = Debug|Any CPU
		{153D3C59-8F1C-48FC-859E-4BBC339DC3FB}.Debug|Any CPU.Build.0 = Debug|Any CPU
		{153D3C59-8F1C-48FC-859E-4BBC339DC3FB}.Release|Any CPU.ActiveCfg = Release|Any CPU
		{153D3C59-8F1C-48FC-859E-4BBC339DC3FB}.Release|Any CPU.Build.0 = Release|Any CPU
		{941EFE4B-5709-419A-A2EA-F13555A15AEB}.Debug|Any CPU.ActiveCfg = Debug|Any CPU
		{941EFE4B-5709-419A-A2EA-F13555A15AEB}.Debug|Any CPU.Build.0 = Debug|Any CPU
		{941EFE4B-5709-419A-A2EA-F13555A15AEB}.Release|Any CPU.ActiveCfg = Release|Any CPU
		{941EFE4B-5709-419A-A2EA-F13555A15AEB}.Release|Any CPU.Build.0 = Release|Any CPU
		{BAF6BECA-3C02-44D7-B6D6-D498094A7124}.Debug|Any CPU.ActiveCfg = Debug|Any CPU
		{BAF6BECA-3C02-44D7-B6D6-D498094A7124}.Debug|Any CPU.Build.0 = Debug|Any CPU
		{BAF6BECA-3C02-44D7-B6D6-D498094A7124}.Release|Any CPU.ActiveCfg = Release|Any CPU
		{BAF6BECA-3C02-44D7-B6D6-D498094A7124}.Release|Any CPU.Build.0 = Release|Any CPU
		{935190DB-6BCF-4DA3-B959-28963F419008}.Debug|Any CPU.ActiveCfg = Debug|Any CPU
		{935190DB-6BCF-4DA3-B959-28963F419008}.Debug|Any CPU.Build.0 = Debug|Any CPU
		{935190DB-6BCF-4DA3-B959-28963F419008}.Release|Any CPU.ActiveCfg = Release|Any CPU
		{935190DB-6BCF-4DA3-B959-28963F419008}.Release|Any CPU.Build.0 = Release|Any CPU
		{F9EC7DBB-E933-4D11-A978-646F99B34348}.Debug|Any CPU.ActiveCfg = Debug|Any CPU
		{F9EC7DBB-E933-4D11-A978-646F99B34348}.Debug|Any CPU.Build.0 = Debug|Any CPU
		{F9EC7DBB-E933-4D11-A978-646F99B34348}.Release|Any CPU.ActiveCfg = Release|Any CPU
		{F9EC7DBB-E933-4D11-A978-646F99B34348}.Release|Any CPU.Build.0 = Release|Any CPU
		{8EF2E5F8-2F6C-48E4-BB44-35F149F025D1}.Debug|Any CPU.ActiveCfg = Debug|Any CPU
		{8EF2E5F8-2F6C-48E4-BB44-35F149F025D1}.Debug|Any CPU.Build.0 = Debug|Any CPU
		{8EF2E5F8-2F6C-48E4-BB44-35F149F025D1}.Release|Any CPU.ActiveCfg = Release|Any CPU
		{8EF2E5F8-2F6C-48E4-BB44-35F149F025D1}.Release|Any CPU.Build.0 = Release|Any CPU
		{F8AD6613-F20B-4A4F-9E25-6EDABBB5C349}.Debug|Any CPU.ActiveCfg = Debug|Any CPU
		{F8AD6613-F20B-4A4F-9E25-6EDABBB5C349}.Debug|Any CPU.Build.0 = Debug|Any CPU
		{F8AD6613-F20B-4A4F-9E25-6EDABBB5C349}.Release|Any CPU.ActiveCfg = Release|Any CPU
		{F8AD6613-F20B-4A4F-9E25-6EDABBB5C349}.Release|Any CPU.Build.0 = Release|Any CPU
	EndGlobalSection
	GlobalSection(SolutionProperties) = preSolution
		HideSolutionNode = FALSE
	EndGlobalSection
	GlobalSection(ExtensibilityGlobals) = postSolution
		SolutionGuid = {30CB6E4B-AD3B-4F37-8552-2D1E767074CA}
	EndGlobalSection
EndGlobal
